// !$*UTF8*$!
{
	archiveVersion = 1;
	classes = {
	};
	objectVersion = 46;
	objects = {

/* Begin PBXBuildFile section */
		AF11607A1B31C6BB00E33324 /* UIView+Helper.swift in Sources */ = {isa = PBXBuildFile; fileRef = AF1160791B31C6BB00E33324 /* UIView+Helper.swift */; };
		AF11607C1B31C78300E33324 /* AnimationChain.swift in Sources */ = {isa = PBXBuildFile; fileRef = AF11607B1B31C78300E33324 /* AnimationChain.swift */; };
		AF6078BE1B30A31200901B36 /* AppDelegate.swift in Sources */ = {isa = PBXBuildFile; fileRef = AF6078BD1B30A31200901B36 /* AppDelegate.swift */; };
		AF6078C01B30A31200901B36 /* ViewController.swift in Sources */ = {isa = PBXBuildFile; fileRef = AF6078BF1B30A31200901B36 /* ViewController.swift */; };
		AF6078C31B30A31200901B36 /* Main.storyboard in Resources */ = {isa = PBXBuildFile; fileRef = AF6078C11B30A31200901B36 /* Main.storyboard */; };
		AF6078C51B30A31200901B36 /* Images.xcassets in Resources */ = {isa = PBXBuildFile; fileRef = AF6078C41B30A31200901B36 /* Images.xcassets */; };
		AF6078C81B30A31200901B36 /* LaunchScreen.xib in Resources */ = {isa = PBXBuildFile; fileRef = AF6078C61B30A31200901B36 /* LaunchScreen.xib */; };
		AF6078D41B30A31200901B36 /* chain_animateTests.swift in Sources */ = {isa = PBXBuildFile; fileRef = AF6078D31B30A31200901B36 /* chain_animateTests.swift */; };
/* End PBXBuildFile section */

/* Begin PBXContainerItemProxy section */
		AF6078CE1B30A31200901B36 /* PBXContainerItemProxy */ = {
			isa = PBXContainerItemProxy;
			containerPortal = AF6078B01B30A31200901B36 /* Project object */;
			proxyType = 1;
			remoteGlobalIDString = AF6078B71B30A31200901B36;
			remoteInfo = "chain-animate";
		};
/* End PBXContainerItemProxy section */

/* Begin PBXFileReference section */
		AF1160791B31C6BB00E33324 /* UIView+Helper.swift */ = {isa = PBXFileReference; fileEncoding = 4; lastKnownFileType = sourcecode.swift; path = "UIView+Helper.swift"; sourceTree = "<group>"; };
		AF11607B1B31C78300E33324 /* AnimationChain.swift */ = {isa = PBXFileReference; fileEncoding = 4; lastKnownFileType = sourcecode.swift; path = AnimationChain.swift; sourceTree = "<group>"; };
		AF6078B81B30A31200901B36 /* chain-animate.app */ = {isa = PBXFileReference; explicitFileType = wrapper.application; includeInIndex = 0; path = "chain-animate.app"; sourceTree = BUILT_PRODUCTS_DIR; };
		AF6078BC1B30A31200901B36 /* Info.plist */ = {isa = PBXFileReference; lastKnownFileType = text.plist.xml; path = Info.plist; sourceTree = "<group>"; };
		AF6078BD1B30A31200901B36 /* AppDelegate.swift */ = {isa = PBXFileReference; lastKnownFileType = sourcecode.swift; path = AppDelegate.swift; sourceTree = "<group>"; };
		AF6078BF1B30A31200901B36 /* ViewController.swift */ = {isa = PBXFileReference; lastKnownFileType = sourcecode.swift; path = ViewController.swift; sourceTree = "<group>"; };
		AF6078C21B30A31200901B36 /* Base */ = {isa = PBXFileReference; lastKnownFileType = file.storyboard; name = Base; path = Base.lproj/Main.storyboard; sourceTree = "<group>"; };
		AF6078C41B30A31200901B36 /* Images.xcassets */ = {isa = PBXFileReference; lastKnownFileType = folder.assetcatalog; path = Images.xcassets; sourceTree = "<group>"; };
		AF6078C71B30A31200901B36 /* Base */ = {isa = PBXFileReference; lastKnownFileType = file.xib; name = Base; path = Base.lproj/LaunchScreen.xib; sourceTree = "<group>"; };
		AF6078CD1B30A31200901B36 /* chain-animateTests.xctest */ = {isa = PBXFileReference; explicitFileType = wrapper.cfbundle; includeInIndex = 0; path = "chain-animateTests.xctest"; sourceTree = BUILT_PRODUCTS_DIR; };
		AF6078D21B30A31200901B36 /* Info.plist */ = {isa = PBXFileReference; lastKnownFileType = text.plist.xml; path = Info.plist; sourceTree = "<group>"; };
		AF6078D31B30A31200901B36 /* chain_animateTests.swift */ = {isa = PBXFileReference; lastKnownFileType = sourcecode.swift; path = chain_animateTests.swift; sourceTree = "<group>"; };
/* End PBXFileReference section */

/* Begin PBXFrameworksBuildPhase section */
		AF6078B51B30A31200901B36 /* Frameworks */ = {
			isa = PBXFrameworksBuildPhase;
			buildActionMask = 2147483647;
			files = (
			);
			runOnlyForDeploymentPostprocessing = 0;
		};
		AF6078CA1B30A31200901B36 /* Frameworks */ = {
			isa = PBXFrameworksBuildPhase;
			buildActionMask = 2147483647;
			files = (
			);
			runOnlyForDeploymentPostprocessing = 0;
		};
/* End PBXFrameworksBuildPhase section */

/* Begin PBXGroup section */
		AF6078AF1B30A31200901B36 = {
			isa = PBXGroup;
			children = (
				AF6078BA1B30A31200901B36 /* chain-animate */,
				AF6078D01B30A31200901B36 /* chain-animateTests */,
				AF6078B91B30A31200901B36 /* Products */,
			);
			sourceTree = "<group>";
		};
		AF6078B91B30A31200901B36 /* Products */ = {
			isa = PBXGroup;
			children = (
				AF6078B81B30A31200901B36 /* chain-animate.app */,
				AF6078CD1B30A31200901B36 /* chain-animateTests.xctest */,
			);
			name = Products;
			sourceTree = "<group>";
		};
		AF6078BA1B30A31200901B36 /* chain-animate */ = {
			isa = PBXGroup;
			children = (
				AF6078BD1B30A31200901B36 /* AppDelegate.swift */,
				AF6078BF1B30A31200901B36 /* ViewController.swift */,
				AF11607B1B31C78300E33324 /* AnimationChain.swift */,
				AF1160791B31C6BB00E33324 /* UIView+Helper.swift */,
				AF6078C11B30A31200901B36 /* Main.storyboard */,
				AF6078C41B30A31200901B36 /* Images.xcassets */,
				AF6078C61B30A31200901B36 /* LaunchScreen.xib */,
				AF6078BB1B30A31200901B36 /* Supporting Files */,
			);
			path = "chain-animate";
			sourceTree = "<group>";
		};
		AF6078BB1B30A31200901B36 /* Supporting Files */ = {
			isa = PBXGroup;
			children = (
				AF6078BC1B30A31200901B36 /* Info.plist */,
			);
			name = "Supporting Files";
			sourceTree = "<group>";
		};
		AF6078D01B30A31200901B36 /* chain-animateTests */ = {
			isa = PBXGroup;
			children = (
				AF6078D31B30A31200901B36 /* chain_animateTests.swift */,
				AF6078D11B30A31200901B36 /* Supporting Files */,
			);
			path = "chain-animateTests";
			sourceTree = "<group>";
		};
		AF6078D11B30A31200901B36 /* Supporting Files */ = {
			isa = PBXGroup;
			children = (
				AF6078D21B30A31200901B36 /* Info.plist */,
			);
			name = "Supporting Files";
			sourceTree = "<group>";
		};
/* End PBXGroup section */

/* Begin PBXNativeTarget section */
		AF6078B71B30A31200901B36 /* chain-animate */ = {
			isa = PBXNativeTarget;
			buildConfigurationList = AF6078D71B30A31200901B36 /* Build configuration list for PBXNativeTarget "chain-animate" */;
			buildPhases = (
				AF6078B41B30A31200901B36 /* Sources */,
				AF6078B51B30A31200901B36 /* Frameworks */,
				AF6078B61B30A31200901B36 /* Resources */,
			);
			buildRules = (
			);
			dependencies = (
			);
			name = "chain-animate";
			productName = "chain-animate";
			productReference = AF6078B81B30A31200901B36 /* chain-animate.app */;
			productType = "com.apple.product-type.application";
		};
		AF6078CC1B30A31200901B36 /* chain-animateTests */ = {
			isa = PBXNativeTarget;
			buildConfigurationList = AF6078DA1B30A31200901B36 /* Build configuration list for PBXNativeTarget "chain-animateTests" */;
			buildPhases = (
				AF6078C91B30A31200901B36 /* Sources */,
				AF6078CA1B30A31200901B36 /* Frameworks */,
				AF6078CB1B30A31200901B36 /* Resources */,
			);
			buildRules = (
			);
			dependencies = (
				AF6078CF1B30A31200901B36 /* PBXTargetDependency */,
			);
			name = "chain-animateTests";
			productName = "chain-animateTests";
			productReference = AF6078CD1B30A31200901B36 /* chain-animateTests.xctest */;
			productType = "com.apple.product-type.bundle.unit-test";
		};
/* End PBXNativeTarget section */

/* Begin PBXProject section */
		AF6078B01B30A31200901B36 /* Project object */ = {
			isa = PBXProject;
			attributes = {
				LastSwiftUpdateCheck = 0700;
				LastUpgradeCheck = 0630;
				ORGANIZATIONNAME = "Silvan Dähn";
				TargetAttributes = {
					AF6078B71B30A31200901B36 = {
						CreatedOnToolsVersion = 6.3.2;
					};
					AF6078CC1B30A31200901B36 = {
						CreatedOnToolsVersion = 6.3.2;
						TestTargetID = AF6078B71B30A31200901B36;
					};
				};
			};
			buildConfigurationList = AF6078B31B30A31200901B36 /* Build configuration list for PBXProject "chain-animate" */;
			compatibilityVersion = "Xcode 3.2";
			developmentRegion = English;
			hasScannedForEncodings = 0;
			knownRegions = (
				en,
				Base,
			);
			mainGroup = AF6078AF1B30A31200901B36;
			productRefGroup = AF6078B91B30A31200901B36 /* Products */;
			projectDirPath = "";
			projectRoot = "";
			targets = (
				AF6078B71B30A31200901B36 /* chain-animate */,
				AF6078CC1B30A31200901B36 /* chain-animateTests */,
			);
		};
/* End PBXProject section */

/* Begin PBXResourcesBuildPhase section */
		AF6078B61B30A31200901B36 /* Resources */ = {
			isa = PBXResourcesBuildPhase;
			buildActionMask = 2147483647;
			files = (
				AF6078C31B30A31200901B36 /* Main.storyboard in Resources */,
				AF6078C81B30A31200901B36 /* LaunchScreen.xib in Resources */,
				AF6078C51B30A31200901B36 /* Images.xcassets in Resources */,
			);
			runOnlyForDeploymentPostprocessing = 0;
		};
		AF6078CB1B30A31200901B36 /* Resources */ = {
			isa = PBXResourcesBuildPhase;
			buildActionMask = 2147483647;
			files = (
			);
			runOnlyForDeploymentPostprocessing = 0;
		};
/* End PBXResourcesBuildPhase section */

/* Begin PBXSourcesBuildPhase section */
		AF6078B41B30A31200901B36 /* Sources */ = {
			isa = PBXSourcesBuildPhase;
			buildActionMask = 2147483647;
			files = (
				AF6078C01B30A31200901B36 /* ViewController.swift in Sources */,
				AF11607A1B31C6BB00E33324 /* UIView+Helper.swift in Sources */,
				AF11607C1B31C78300E33324 /* AnimationChain.swift in Sources */,
				AF6078BE1B30A31200901B36 /* AppDelegate.swift in Sources */,
			);
			runOnlyForDeploymentPostprocessing = 0;
		};
		AF6078C91B30A31200901B36 /* Sources */ = {
			isa = PBXSourcesBuildPhase;
			buildActionMask = 2147483647;
			files = (
				AF6078D41B30A31200901B36 /* chain_animateTests.swift in Sources */,
			);
			runOnlyForDeploymentPostprocessing = 0;
		};
/* End PBXSourcesBuildPhase section */

/* Begin PBXTargetDependency section */
		AF6078CF1B30A31200901B36 /* PBXTargetDependency */ = {
			isa = PBXTargetDependency;
			target = AF6078B71B30A31200901B36 /* chain-animate */;
			targetProxy = AF6078CE1B30A31200901B36 /* PBXContainerItemProxy */;
		};
/* End PBXTargetDependency section */

/* Begin PBXVariantGroup section */
		AF6078C11B30A31200901B36 /* Main.storyboard */ = {
			isa = PBXVariantGroup;
			children = (
				AF6078C21B30A31200901B36 /* Base */,
			);
			name = Main.storyboard;
			sourceTree = "<group>";
		};
		AF6078C61B30A31200901B36 /* LaunchScreen.xib */ = {
			isa = PBXVariantGroup;
			children = (
				AF6078C71B30A31200901B36 /* Base */,
			);
			name = LaunchScreen.xib;
			sourceTree = "<group>";
		};
/* End PBXVariantGroup section */

/* Begin XCBuildConfiguration section */
		AF6078D51B30A31200901B36 /* Debug */ = {
			isa = XCBuildConfiguration;
			buildSettings = {
				ALWAYS_SEARCH_USER_PATHS = NO;
				CLANG_CXX_LANGUAGE_STANDARD = "gnu++0x";
				CLANG_CXX_LIBRARY = "libc++";
				CLANG_ENABLE_MODULES = YES;
				CLANG_ENABLE_OBJC_ARC = YES;
				CLANG_WARN_BOOL_CONVERSION = YES;
				CLANG_WARN_CONSTANT_CONVERSION = YES;
				CLANG_WARN_DIRECT_OBJC_ISA_USAGE = YES_ERROR;
				CLANG_WARN_EMPTY_BODY = YES;
				CLANG_WARN_ENUM_CONVERSION = YES;
				CLANG_WARN_INT_CONVERSION = YES;
				CLANG_WARN_OBJC_ROOT_CLASS = YES_ERROR;
				CLANG_WARN_UNREACHABLE_CODE = YES;
				CLANG_WARN__DUPLICATE_METHOD_MATCH = YES;
				"CODE_SIGN_IDENTITY[sdk=iphoneos*]" = "iPhone Developer";
				COPY_PHASE_STRIP = NO;
				DEBUG_INFORMATION_FORMAT = "dwarf-with-dsym";
				ENABLE_STRICT_OBJC_MSGSEND = YES;
				GCC_C_LANGUAGE_STANDARD = gnu99;
				GCC_DYNAMIC_NO_PIC = NO;
				GCC_NO_COMMON_BLOCKS = YES;
				GCC_OPTIMIZATION_LEVEL = 0;
				GCC_PREPROCESSOR_DEFINITIONS = (
					"DEBUG=1",
					"$(inherited)",
				);
				GCC_SYMBOLS_PRIVATE_EXTERN = NO;
				GCC_WARN_64_TO_32_BIT_CONVERSION = YES;
				GCC_WARN_ABOUT_RETURN_TYPE = YES_ERROR;
				GCC_WARN_UNDECLARED_SELECTOR = YES;
				GCC_WARN_UNINITIALIZED_AUTOS = YES_AGGRESSIVE;
				GCC_WARN_UNUSED_FUNCTION = YES;
				GCC_WARN_UNUSED_VARIABLE = YES;
				IPHONEOS_DEPLOYMENT_TARGET = 8.3;
				MTL_ENABLE_DEBUG_INFO = YES;
				ONLY_ACTIVE_ARCH = YES;
				SDKROOT = iphoneos;
				SWIFT_OPTIMIZATION_LEVEL = "-Onone";
			};
			name = Debug;
		};
		AF6078D61B30A31200901B36 /* Release */ = {
			isa = XCBuildConfiguration;
			buildSettings = {
				ALWAYS_SEARCH_USER_PATHS = NO;
				CLANG_CXX_LANGUAGE_STANDARD = "gnu++0x";
				CLANG_CXX_LIBRARY = "libc++";
				CLANG_ENABLE_MODULES = YES;
				CLANG_ENABLE_OBJC_ARC = YES;
				CLANG_WARN_BOOL_CONVERSION = YES;
				CLANG_WARN_CONSTANT_CONVERSION = YES;
				CLANG_WARN_DIRECT_OBJC_ISA_USAGE = YES_ERROR;
				CLANG_WARN_EMPTY_BODY = YES;
				CLANG_WARN_ENUM_CONVERSION = YES;
				CLANG_WARN_INT_CONVERSION = YES;
				CLANG_WARN_OBJC_ROOT_CLASS = YES_ERROR;
				CLANG_WARN_UNREACHABLE_CODE = YES;
				CLANG_WARN__DUPLICATE_METHOD_MATCH = YES;
				"CODE_SIGN_IDENTITY[sdk=iphoneos*]" = "iPhone Developer";
				COPY_PHASE_STRIP = NO;
				DEBUG_INFORMATION_FORMAT = "dwarf-with-dsym";
				ENABLE_NS_ASSERTIONS = NO;
				ENABLE_STRICT_OBJC_MSGSEND = YES;
				GCC_C_LANGUAGE_STANDARD = gnu99;
				GCC_NO_COMMON_BLOCKS = YES;
				GCC_WARN_64_TO_32_BIT_CONVERSION = YES;
				GCC_WARN_ABOUT_RETURN_TYPE = YES_ERROR;
				GCC_WARN_UNDECLARED_SELECTOR = YES;
				GCC_WARN_UNINITIALIZED_AUTOS = YES_AGGRESSIVE;
				GCC_WARN_UNUSED_FUNCTION = YES;
				GCC_WARN_UNUSED_VARIABLE = YES;
				IPHONEOS_DEPLOYMENT_TARGET = 8.3;
				MTL_ENABLE_DEBUG_INFO = NO;
				SDKROOT = iphoneos;
				VALIDATE_PRODUCT = YES;
			};
			name = Release;
		};
		AF6078D81B30A31200901B36 /* Debug */ = {
			isa = XCBuildConfiguration;
			buildSettings = {
				ASSETCATALOG_COMPILER_APPICON_NAME = AppIcon;
				INFOPLIST_FILE = "chain-animate/Info.plist";
				LD_RUNPATH_SEARCH_PATHS = "$(inherited) @executable_path/Frameworks";
				PRODUCT_NAME = "$(TARGET_NAME)";
			};
			name = Debug;
		};
		AF6078D91B30A31200901B36 /* Release */ = {
			isa = XCBuildConfiguration;
			buildSettings = {
				ASSETCATALOG_COMPILER_APPICON_NAME = AppIcon;
				INFOPLIST_FILE = "chain-animate/Info.plist";
				LD_RUNPATH_SEARCH_PATHS = "$(inherited) @executable_path/Frameworks";
				PRODUCT_NAME = "$(TARGET_NAME)";
			};
			name = Release;
		};
		AF6078DB1B30A31200901B36 /* Debug */ = {
			isa = XCBuildConfiguration;
			buildSettings = {
				BUNDLE_LOADER = "$(TEST_HOST)";
				FRAMEWORK_SEARCH_PATHS = (
					"$(SDKROOT)/Developer/Library/Frameworks",
					"$(inherited)",
				);
				GCC_PREPROCESSOR_DEFINITIONS = (
					"DEBUG=1",
					"$(inherited)",
				);
				INFOPLIST_FILE = "chain-animateTests/Info.plist";
				LD_RUNPATH_SEARCH_PATHS = "$(inherited) @executable_path/Frameworks @loader_path/Frameworks";
				PRODUCT_NAME = "$(TARGET_NAME)";
				TEST_HOST = "$(BUILT_PRODUCTS_DIR)/chain-animate.app/chain-animate";
			};
			name = Debug;
		};
		AF6078DC1B30A31200901B36 /* Release */ = {
			isa = XCBuildConfiguration;
			buildSettings = {
				BUNDLE_LOADER = "$(TEST_HOST)";
				FRAMEWORK_SEARCH_PATHS = (
					"$(SDKROOT)/Developer/Library/Frameworks",
					"$(inherited)",
				);
				INFOPLIST_FILE = "chain-animateTests/Info.plist";
				LD_RUNPATH_SEARCH_PATHS = "$(inherited) @executable_path/Frameworks @loader_path/Frameworks";
				PRODUCT_NAME = "$(TARGET_NAME)";
				TEST_HOST = "$(BUILT_PRODUCTS_DIR)/chain-animate.app/chain-animate";
			};
			name = Release;
		};
/* End XCBuildConfiguration section */

/* Begin XCConfigurationList section */
		AF6078B31B30A31200901B36 /* Build configuration list for PBXProject "chain-animate" */ = {
			isa = XCConfigurationList;
			buildConfigurations = (
				AF6078D51B30A31200901B36 /* Debug */,
				AF6078D61B30A31200901B36 /* Release */,
			);
			defaultConfigurationIsVisible = 0;
			defaultConfigurationName = Release;
		};
		AF6078D71B30A31200901B36 /* Build configuration list for PBXNativeTarget "chain-animate" */ = {
			isa = XCConfigurationList;
			buildConfigurations = (
				AF6078D81B30A31200901B36 /* Debug */,
				AF6078D91B30A31200901B36 /* Release */,
			);
			defaultConfigurationIsVisible = 0;
			defaultConfigurationName = Release;
		};
		AF6078DA1B30A31200901B36 /* Build configuration list for PBXNativeTarget "chain-animateTests" */ = {
			isa = XCConfigurationList;
			buildConfigurations = (
				AF6078DB1B30A31200901B36 /* Debug */,
				AF6078DC1B30A31200901B36 /* Release */,
			);
			defaultConfigurationIsVisible = 0;
			defaultConfigurationName = Release;
		};
/* End XCConfigurationList section */
	};
	rootObject = AF6078B01B30A31200901B36 /* Project object */;
}
